
Microsoft Visual Studio Solution File, Format Version 12.00
# Visual Studio Version 16
VisualStudioVersion = 16.0.31402.337
MinimumVisualStudioVersion = 10.0.40219.1
Project("{FAE04EC0-301F-11D3-BF4B-00C04F79EFBC}") = "SW.Batch.Remove.FilletChamfer", "SW.Batch.Remove.FilletChamfer.csproj", "{2DA6E547-16E1-42F1-9A6D-53C6DA2A1DE4}"
EndProject
Global
	GlobalSection(SolutionConfigurationPlatforms) = preSolution
		Debug|Any CPU = Debug|Any CPU
		Release|Any CPU = Release|Any CPU
	EndGlobalSection
	GlobalSection(ProjectConfigurationPlatforms) = postSolution
		{2DA6E547-16E1-42F1-9A6D-53C6DA2A1DE4}.Debug|Any CPU.ActiveCfg = Debug|Any CPU
		{2DA6E547-16E1-42F1-9A6D-53C6DA2A1DE4}.Debug|Any CPU.Build.0 = Debug|Any CPU
		{2DA6E547-16E1-42F1-9A6D-53C6DA2A1DE4}.Release|Any CPU.ActiveCfg = Release|Any CPU
		{2DA6E547-16E1-42F1-9A6D-53C6DA2A1DE4}.Release|Any CPU.Build.0 = Release|Any CPU
	EndGlobalSection
	GlobalSection(SolutionProperties) = preSolution
		HideSolutionNode = FALSE
	EndGlobalSection
	GlobalSection(ExtensibilityGlobals) = postSolution
		SolutionGuid = {A0C9FDCB-D5C2-41AD-8CA0-DD546DF3CB35}
	EndGlobalSection
EndGlobal
